
Microsoft Visual Studio Solution File, Format Version 12.00
# Visual Studio Version 16
VisualStudioVersion = 16.0.30204.135
MinimumVisualStudioVersion = 10.0.40219.1
Project("{9A19103F-16F7-4668-BE54-9A1E7A4F7556}") = "Soccer.Common", "Soccer.Common\Soccer.Common.csproj", "{C8ED8214-209D-4F66-8FF0-D8099C42BA41}"
EndProject
Project("{9A19103F-16F7-4668-BE54-9A1E7A4F7556}") = "Soccer.Web", "Soccer.Web\Soccer.Web.csproj", "{BEB4AC3A-D8EA-4DD9-AE73-CEB1C9C2FAA7}"
EndProject
Project("{FAE04EC0-301F-11D3-BF4B-00C04F79EFBC}") = "Soccer.Prism", "Soccer.Prism\Soccer.Prism\Soccer.Prism.csproj", "{70A43B4C-CB64-4D75-8C6B-8D4375711351}"
EndProject
Project("{FAE04EC0-301F-11D3-BF4B-00C04F79EFBC}") = "Soccer.Prism.Android", "Soccer.Prism\Soccer.Prism.Android\Soccer.Prism.Android.csproj", "{BA44463C-8158-4484-ACFC-9532EB7B9E24}"
EndProject
Project("{FAE04EC0-301F-11D3-BF4B-00C04F79EFBC}") = "Soccer.Prism.iOS", "Soccer.Prism\Soccer.Prism.iOS\Soccer.Prism.iOS.csproj", "{7C25ED81-9D6E-4BAF-AB49-B42A1D10E2AD}"
EndProject
Project("{FAE04EC0-301F-11D3-BF4B-00C04F79EFBC}") = "Soccer.Cross.Android", "Soccer.Cross.Android\Soccer.Cross.Android.csproj", "{EB0B43F7-436A-4481-89A7-8138E8B8679C}"
EndProject
Project("{FAE04EC0-301F-11D3-BF4B-00C04F79EFBC}") = "Soccer.Cross.iOS", "Soccer.Cross.iOS\Soccer.Cross.iOS.csproj", "{891EEFFA-CFF3-41C1-A69A-080B7C3FF116}"
EndProject
Global
	GlobalSection(SolutionConfigurationPlatforms) = preSolution
		Ad-Hoc|Any CPU = Ad-Hoc|Any CPU
		Ad-Hoc|iPhone = Ad-Hoc|iPhone
		Ad-Hoc|iPhoneSimulator = Ad-Hoc|iPhoneSimulator
		AppStore|Any CPU = AppStore|Any CPU
		AppStore|iPhone = AppStore|iPhone
		AppStore|iPhoneSimulator = AppStore|iPhoneSimulator
		Debug|Any CPU = Debug|Any CPU
		Debug|iPhone = Debug|iPhone
		Debug|iPhoneSimulator = Debug|iPhoneSimulator
		Release|Any CPU = Release|Any CPU
		Release|iPhone = Release|iPhone
		Release|iPhoneSimulator = Release|iPhoneSimulator
	EndGlobalSection
	GlobalSection(ProjectConfigurationPlatforms) = postSolution
		{C8ED8214-209D-4F66-8FF0-D8099C42BA41}.Ad-Hoc|Any CPU.ActiveCfg = Release|Any CPU
		{C8ED8214-209D-4F66-8FF0-D8099C42BA41}.Ad-Hoc|Any CPU.Build.0 = Release|Any CPU
		{C8ED8214-209D-4F66-8FF0-D8099C42BA41}.Ad-Hoc|iPhone.ActiveCfg = Release|Any CPU
		{C8ED8214-209D-4F66-8FF0-D8099C42BA41}.Ad-Hoc|iPhone.Build.0 = Release|Any CPU
		{C8ED8214-209D-4F66-8FF0-D8099C42BA41}.Ad-Hoc|iPhoneSimulator.ActiveCfg = Release|Any CPU
		{C8ED8214-209D-4F66-8FF0-D8099C42BA41}.Ad-Hoc|iPhoneSimulator.Build.0 = Release|Any CPU
		{C8ED8214-209D-4F66-8FF0-D8099C42BA41}.AppStore|Any CPU.ActiveCfg = Release|Any CPU
		{C8ED8214-209D-4F66-8FF0-D8099C42BA41}.AppStore|Any CPU.Build.0 = Release|Any CPU
		{C8ED8214-209D-4F66-8FF0-D8099C42BA41}.AppStore|iPhone.ActiveCfg = Release|Any CPU
		{C8ED8214-209D-4F66-8FF0-D8099C42BA41}.AppStore|iPhone.Build.0 = Release|Any CPU
		{C8ED8214-209D-4F66-8FF0-D8099C42BA41}.AppStore|iPhoneSimulator.ActiveCfg = Release|Any CPU
		{C8ED8214-209D-4F66-8FF0-D8099C42BA41}.AppStore|iPhoneSimulator.Build.0 = Release|Any CPU
		{C8ED8214-209D-4F66-8FF0-D8099C42BA41}.Debug|Any CPU.ActiveCfg = Debug|Any CPU
		{C8ED8214-209D-4F66-8FF0-D8099C42BA41}.Debug|Any CPU.Build.0 = Debug|Any CPU
		{C8ED8214-209D-4F66-8FF0-D8099C42BA41}.Debug|iPhone.ActiveCfg = Debug|Any CPU
		{C8ED8214-209D-4F66-8FF0-D8099C42BA41}.Debug|iPhone.Build.0 = Debug|Any CPU
		{C8ED8214-209D-4F66-8FF0-D8099C42BA41}.Debug|iPhoneSimulator.ActiveCfg = Debug|Any CPU
		{C8ED8214-209D-4F66-8FF0-D8099C42BA41}.Debug|iPhoneSimulator.Build.0 = Debug|Any CPU
		{C8ED8214-209D-4F66-8FF0-D8099C42BA41}.Release|Any CPU.ActiveCfg = Release|Any CPU
		{C8ED8214-209D-4F66-8FF0-D8099C42BA41}.Release|Any CPU.Build.0 = Release|Any CPU
		{C8ED8214-209D-4F66-8FF0-D8099C42BA41}.Release|iPhone.ActiveCfg = Release|Any CPU
		{C8ED8214-209D-4F66-8FF0-D8099C42BA41}.Release|iPhone.Build.0 = Release|Any CPU
		{C8ED8214-209D-4F66-8FF0-D8099C42BA41}.Release|iPhoneSimulator.ActiveCfg = Release|Any CPU
		{C8ED8214-209D-4F66-8FF0-D8099C42BA41}.Release|iPhoneSimulator.Build.0 = Release|Any CPU
		{BEB4AC3A-D8EA-4DD9-AE73-CEB1C9C2FAA7}.Ad-Hoc|Any CPU.ActiveCfg = Release|Any CPU
		{BEB4AC3A-D8EA-4DD9-AE73-CEB1C9C2FAA7}.Ad-Hoc|Any CPU.Build.0 = Release|Any CPU
		{BEB4AC3A-D8EA-4DD9-AE73-CEB1C9C2FAA7}.Ad-Hoc|iPhone.ActiveCfg = Release|Any CPU
		{BEB4AC3A-D8EA-4DD9-AE73-CEB1C9C2FAA7}.Ad-Hoc|iPhone.Build.0 = Release|Any CPU
		{BEB4AC3A-D8EA-4DD9-AE73-CEB1C9C2FAA7}.Ad-Hoc|iPhoneSimulator.ActiveCfg = Release|Any CPU
		{BEB4AC3A-D8EA-4DD9-AE73-CEB1C9C2FAA7}.Ad-Hoc|iPhoneSimulator.Build.0 = Release|Any CPU
		{BEB4AC3A-D8EA-4DD9-AE73-CEB1C9C2FAA7}.AppStore|Any CPU.ActiveCfg = Release|Any CPU
		{BEB4AC3A-D8EA-4DD9-AE73-CEB1C9C2FAA7}.AppStore|Any CPU.Build.0 = Release|Any CPU
		{BEB4AC3A-D8EA-4DD9-AE73-CEB1C9C2FAA7}.AppStore|iPhone.ActiveCfg = Release|Any CPU
		{BEB4AC3A-D8EA-4DD9-AE73-CEB1C9C2FAA7}.AppStore|iPhone.Build.0 = Release|Any CPU
		{BEB4AC3A-D8EA-4DD9-AE73-CEB1C9C2FAA7}.AppStore|iPhoneSimulator.ActiveCfg = Release|Any CPU
		{BEB4AC3A-D8EA-4DD9-AE73-CEB1C9C2FAA7}.AppStore|iPhoneSimulator.Build.0 = Release|Any CPU
		{BEB4AC3A-D8EA-4DD9-AE73-CEB1C9C2FAA7}.Debug|Any CPU.ActiveCfg = Debug|Any CPU
		{BEB4AC3A-D8EA-4DD9-AE73-CEB1C9C2FAA7}.Debug|Any CPU.Build.0 = Debug|Any CPU
		{BEB4AC3A-D8EA-4DD9-AE73-CEB1C9C2FAA7}.Debug|iPhone.ActiveCfg = Debug|Any CPU
		{BEB4AC3A-D8EA-4DD9-AE73-CEB1C9C2FAA7}.Debug|iPhone.Build.0 = Debug|Any CPU
		{BEB4AC3A-D8EA-4DD9-AE73-CEB1C9C2FAA7}.Debug|iPhoneSimulator.ActiveCfg = Debug|Any CPU
		{BEB4AC3A-D8EA-4DD9-AE73-CEB1C9C2FAA7}.Debug|iPhoneSimulator.Build.0 = Debug|Any CPU
		{BEB4AC3A-D8EA-4DD9-AE73-CEB1C9C2FAA7}.Release|Any CPU.ActiveCfg = Release|Any CPU
		{BEB4AC3A-D8EA-4DD9-AE73-CEB1C9C2FAA7}.Release|Any CPU.Build.0 = Release|Any CPU
		{BEB4AC3A-D8EA-4DD9-AE73-CEB1C9C2FAA7}.Release|iPhone.ActiveCfg = Release|Any CPU
		{BEB4AC3A-D8EA-4DD9-AE73-CEB1C9C2FAA7}.Release|iPhone.Build.0 = Release|Any CPU
		{BEB4AC3A-D8EA-4DD9-AE73-CEB1C9C2FAA7}.Release|iPhoneSimulator.ActiveCfg = Release|Any CPU
		{BEB4AC3A-D8EA-4DD9-AE73-CEB1C9C2FAA7}.Release|iPhoneSimulator.Build.0 = Release|Any CPU
		{70A43B4C-CB64-4D75-8C6B-8D4375711351}.Ad-Hoc|Any CPU.ActiveCfg = Debug|Any CPU
		{70A43B4C-CB64-4D75-8C6B-8D4375711351}.Ad-Hoc|Any CPU.Build.0 = Debug|Any CPU
		{70A43B4C-CB64-4D75-8C6B-8D4375711351}.Ad-Hoc|iPhone.ActiveCfg = Debug|Any CPU
		{70A43B4C-CB64-4D75-8C6B-8D4375711351}.Ad-Hoc|iPhone.Build.0 = Debug|Any CPU
		{70A43B4C-CB64-4D75-8C6B-8D4375711351}.Ad-Hoc|iPhoneSimulator.ActiveCfg = Debug|Any CPU
		{70A43B4C-CB64-4D75-8C6B-8D4375711351}.Ad-Hoc|iPhoneSimulator.Build.0 = Debug|Any CPU
		{70A43B4C-CB64-4D75-8C6B-8D4375711351}.AppStore|Any CPU.ActiveCfg = Debug|Any CPU
		{70A43B4C-CB64-4D75-8C6B-8D4375711351}.AppStore|Any CPU.Build.0 = Debug|Any CPU
		{70A43B4C-CB64-4D75-8C6B-8D4375711351}.AppStore|iPhone.ActiveCfg = Debug|Any CPU
		{70A43B4C-CB64-4D75-8C6B-8D4375711351}.AppStore|iPhone.Build.0 = Debug|Any CPU
		{70A43B4C-CB64-4D75-8C6B-8D4375711351}.AppStore|iPhoneSimulator.ActiveCfg = Debug|Any CPU
		{70A43B4C-CB64-4D75-8C6B-8D4375711351}.AppStore|iPhoneSimulator.Build.0 = Debug|Any CPU
		{70A43B4C-CB64-4D75-8C6B-8D4375711351}.Debug|Any CPU.ActiveCfg = Debug|Any CPU
		{70A43B4C-CB64-4D75-8C6B-8D4375711351}.Debug|Any CPU.Build.0 = Debug|Any CPU
		{70A43B4C-CB64-4D75-8C6B-8D4375711351}.Debug|iPhone.ActiveCfg = Debug|Any CPU
		{70A43B4C-CB64-4D75-8C6B-8D4375711351}.Debug|iPhone.Build.0 = Debug|Any CPU
		{70A43B4C-CB64-4D75-8C6B-8D4375711351}.Debug|iPhoneSimulator.ActiveCfg = Debug|Any CPU
		{70A43B4C-CB64-4D75-8C6B-8D4375711351}.Debug|iPhoneSimulator.Build.0 = Debug|Any CPU
		{70A43B4C-CB64-4D75-8C6B-8D4375711351}.Release|Any CPU.ActiveCfg = Release|Any CPU
		{70A43B4C-CB64-4D75-8C6B-8D4375711351}.Release|Any CPU.Build.0 = Release|Any CPU
		{70A43B4C-CB64-4D75-8C6B-8D4375711351}.Release|iPhone.ActiveCfg = Release|Any CPU
		{70A43B4C-CB64-4D75-8C6B-8D4375711351}.Release|iPhone.Build.0 = Release|Any CPU
		{70A43B4C-CB64-4D75-8C6B-8D4375711351}.Release|iPhoneSimulator.ActiveCfg = Release|Any CPU
		{70A43B4C-CB64-4D75-8C6B-8D4375711351}.Release|iPhoneSimulator.Build.0 = Release|Any CPU
		{BA44463C-8158-4484-ACFC-9532EB7B9E24}.Ad-Hoc|Any CPU.ActiveCfg = Release|Any CPU
		{BA44463C-8158-4484-ACFC-9532EB7B9E24}.Ad-Hoc|Any CPU.Build.0 = Release|Any CPU
		{BA44463C-8158-4484-ACFC-9532EB7B9E24}.Ad-Hoc|Any CPU.Deploy.0 = Release|Any CPU
		{BA44463C-8158-4484-ACFC-9532EB7B9E24}.Ad-Hoc|iPhone.ActiveCfg = Release|Any CPU
		{BA44463C-8158-4484-ACFC-9532EB7B9E24}.Ad-Hoc|iPhone.Build.0 = Release|Any CPU
		{BA44463C-8158-4484-ACFC-9532EB7B9E24}.Ad-Hoc|iPhone.Deploy.0 = Release|Any CPU
		{BA44463C-8158-4484-ACFC-9532EB7B9E24}.Ad-Hoc|iPhoneSimulator.ActiveCfg = Release|Any CPU
		{BA44463C-8158-4484-ACFC-9532EB7B9E24}.Ad-Hoc|iPhoneSimulator.Build.0 = Release|Any CPU
		{BA44463C-8158-4484-ACFC-9532EB7B9E24}.Ad-Hoc|iPhoneSimulator.Deploy.0 = Release|Any CPU
		{BA44463C-8158-4484-ACFC-9532EB7B9E24}.AppStore|Any CPU.ActiveCfg = Release|Any CPU
		{BA44463C-8158-4484-ACFC-9532EB7B9E24}.AppStore|Any CPU.Build.0 = Release|Any CPU
		{BA44463C-8158-4484-ACFC-9532EB7B9E24}.AppStore|Any CPU.Deploy.0 = Release|Any CPU
		{BA44463C-8158-4484-ACFC-9532EB7B9E24}.AppStore|iPhone.ActiveCfg = Release|Any CPU
		{BA44463C-8158-4484-ACFC-9532EB7B9E24}.AppStore|iPhone.Build.0 = Release|Any CPU
		{BA44463C-8158-4484-ACFC-9532EB7B9E24}.AppStore|iPhone.Deploy.0 = Release|Any CPU
		{BA44463C-8158-4484-ACFC-9532EB7B9E24}.AppStore|iPhoneSimulator.ActiveCfg = Release|Any CPU
		{BA44463C-8158-4484-ACFC-9532EB7B9E24}.AppStore|iPhoneSimulator.Build.0 = Release|Any CPU
		{BA44463C-8158-4484-ACFC-9532EB7B9E24}.AppStore|iPhoneSimulator.Deploy.0 = Release|Any CPU
		{BA44463C-8158-4484-ACFC-9532EB7B9E24}.Debug|Any CPU.ActiveCfg = Debug|Any CPU
		{BA44463C-8158-4484-ACFC-9532EB7B9E24}.Debug|Any CPU.Build.0 = Debug|Any CPU
		{BA44463C-8158-4484-ACFC-9532EB7B9E24}.Debug|Any CPU.Deploy.0 = Debug|Any CPU
		{BA44463C-8158-4484-ACFC-9532EB7B9E24}.Debug|iPhone.ActiveCfg = Debug|Any CPU
		{BA44463C-8158-4484-ACFC-9532EB7B9E24}.Debug|iPhone.Build.0 = Debug|Any CPU
		{BA44463C-8158-4484-ACFC-9532EB7B9E24}.Debug|iPhone.Deploy.0 = Debug|Any CPU
		{BA44463C-8158-4484-ACFC-9532EB7B9E24}.Debug|iPhoneSimulator.ActiveCfg = Debug|Any CPU
		{BA44463C-8158-4484-ACFC-9532EB7B9E24}.Debug|iPhoneSimulator.Build.0 = Debug|Any CPU
		{BA44463C-8158-4484-ACFC-9532EB7B9E24}.Debug|iPhoneSimulator.Deploy.0 = Debug|Any CPU
		{BA44463C-8158-4484-ACFC-9532EB7B9E24}.Release|Any CPU.ActiveCfg = Release|Any CPU
		{BA44463C-8158-4484-ACFC-9532EB7B9E24}.Release|Any CPU.Build.0 = Release|Any CPU
		{BA44463C-8158-4484-ACFC-9532EB7B9E24}.Release|Any CPU.Deploy.0 = Release|Any CPU
		{BA44463C-8158-4484-ACFC-9532EB7B9E24}.Release|iPhone.ActiveCfg = Release|Any CPU
		{BA44463C-8158-4484-ACFC-9532EB7B9E24}.Release|iPhone.Build.0 = Release|Any CPU
		{BA44463C-8158-4484-ACFC-9532EB7B9E24}.Release|iPhone.Deploy.0 = Release|Any CPU
		{BA44463C-8158-4484-ACFC-9532EB7B9E24}.Release|iPhoneSimulator.ActiveCfg = Release|Any CPU
		{BA44463C-8158-4484-ACFC-9532EB7B9E24}.Release|iPhoneSimulator.Build.0 = Release|Any CPU
		{BA44463C-8158-4484-ACFC-9532EB7B9E24}.Release|iPhoneSimulator.Deploy.0 = Release|Any CPU
		{7C25ED81-9D6E-4BAF-AB49-B42A1D10E2AD}.Ad-Hoc|Any CPU.ActiveCfg = Ad-Hoc|iPhone
		{7C25ED81-9D6E-4BAF-AB49-B42A1D10E2AD}.Ad-Hoc|iPhone.ActiveCfg = Ad-Hoc|iPhone
		{7C25ED81-9D6E-4BAF-AB49-B42A1D10E2AD}.Ad-Hoc|iPhone.Build.0 = Ad-Hoc|iPhone
		{7C25ED81-9D6E-4BAF-AB49-B42A1D10E2AD}.Ad-Hoc|iPhoneSimulator.ActiveCfg = Ad-Hoc|iPhoneSimulator
		{7C25ED81-9D6E-4BAF-AB49-B42A1D10E2AD}.Ad-Hoc|iPhoneSimulator.Build.0 = Ad-Hoc|iPhoneSimulator
		{7C25ED81-9D6E-4BAF-AB49-B42A1D10E2AD}.AppStore|Any CPU.ActiveCfg = AppStore|iPhone
		{7C25ED81-9D6E-4BAF-AB49-B42A1D10E2AD}.AppStore|iPhone.ActiveCfg = AppStore|iPhone
		{7C25ED81-9D6E-4BAF-AB49-B42A1D10E2AD}.AppStore|iPhone.Build.0 = AppStore|iPhone
		{7C25ED81-9D6E-4BAF-AB49-B42A1D10E2AD}.AppStore|iPhoneSimulator.ActiveCfg = AppStore|iPhoneSimulator
		{7C25ED81-9D6E-4BAF-AB49-B42A1D10E2AD}.AppStore|iPhoneSimulator.Build.0 = AppStore|iPhoneSimulator
		{7C25ED81-9D6E-4BAF-AB49-B42A1D10E2AD}.Debug|Any CPU.ActiveCfg = Debug|iPhone
		{7C25ED81-9D6E-4BAF-AB49-B42A1D10E2AD}.Debug|iPhone.ActiveCfg = Debug|iPhone
		{7C25ED81-9D6E-4BAF-AB49-B42A1D10E2AD}.Debug|iPhone.Build.0 = Debug|iPhone
		{7C25ED81-9D6E-4BAF-AB49-B42A1D10E2AD}.Debug|iPhoneSimulator.ActiveCfg = Debug|iPhoneSimulator
		{7C25ED81-9D6E-4BAF-AB49-B42A1D10E2AD}.Debug|iPhoneSimulator.Build.0 = Debug|iPhoneSimulator
		{7C25ED81-9D6E-4BAF-AB49-B42A1D10E2AD}.Release|Any CPU.ActiveCfg = Release|iPhone
		{7C25ED81-9D6E-4BAF-AB49-B42A1D10E2AD}.Release|iPhone.ActiveCfg = Release|iPhone
		{7C25ED81-9D6E-4BAF-AB49-B42A1D10E2AD}.Release|iPhone.Build.0 = Release|iPhone
		{7C25ED81-9D6E-4BAF-AB49-B42A1D10E2AD}.Release|iPhoneSimulator.ActiveCfg = Release|iPhoneSimulator
		{7C25ED81-9D6E-4BAF-AB49-B42A1D10E2AD}.Release|iPhoneSimulator.Build.0 = Release|iPhoneSimulator
		{EB0B43F7-436A-4481-89A7-8138E8B8679C}.Ad-Hoc|Any CPU.ActiveCfg = Release|Any CPU
		{EB0B43F7-436A-4481-89A7-8138E8B8679C}.Ad-Hoc|Any CPU.Build.0 = Release|Any CPU
		{EB0B43F7-436A-4481-89A7-8138E8B8679C}.Ad-Hoc|Any CPU.Deploy.0 = Release|Any CPU
		{EB0B43F7-436A-4481-89A7-8138E8B8679C}.Ad-Hoc|iPhone.ActiveCfg = Release|Any CPU
		{EB0B43F7-436A-4481-89A7-8138E8B8679C}.Ad-Hoc|iPhone.Build.0 = Release|Any CPU
		{EB0B43F7-436A-4481-89A7-8138E8B8679C}.Ad-Hoc|iPhone.Deploy.0 = Release|Any CPU
		{EB0B43F7-436A-4481-89A7-8138E8B8679C}.Ad-Hoc|iPhoneSimulator.ActiveCfg = Release|Any CPU
		{EB0B43F7-436A-4481-89A7-8138E8B8679C}.Ad-Hoc|iPhoneSimulator.Build.0 = Release|Any CPU
		{EB0B43F7-436A-4481-89A7-8138E8B8679C}.Ad-Hoc|iPhoneSimulator.Deploy.0 = Release|Any CPU
		{EB0B43F7-436A-4481-89A7-8138E8B8679C}.AppStore|Any CPU.ActiveCfg = Release|Any CPU
		{EB0B43F7-436A-4481-89A7-8138E8B8679C}.AppStore|Any CPU.Build.0 = Release|Any CPU
		{EB0B43F7-436A-4481-89A7-8138E8B8679C}.AppStore|Any CPU.Deploy.0 = Release|Any CPU
		{EB0B43F7-436A-4481-89A7-8138E8B8679C}.AppStore|iPhone.ActiveCfg = Release|Any CPU
		{EB0B43F7-436A-4481-89A7-8138E8B8679C}.AppStore|iPhone.Build.0 = Release|Any CPU
		{EB0B43F7-436A-4481-89A7-8138E8B8679C}.AppStore|iPhone.Deploy.0 = Release|Any CPU
		{EB0B43F7-436A-4481-89A7-8138E8B8679C}.AppStore|iPhoneSimulator.ActiveCfg = Release|Any CPU
		{EB0B43F7-436A-4481-89A7-8138E8B8679C}.AppStore|iPhoneSimulator.Build.0 = Release|Any CPU
		{EB0B43F7-436A-4481-89A7-8138E8B8679C}.AppStore|iPhoneSimulator.Deploy.0 = Release|Any CPU
		{EB0B43F7-436A-4481-89A7-8138E8B8679C}.Debug|Any CPU.ActiveCfg = Debug|Any CPU
		{EB0B43F7-436A-4481-89A7-8138E8B8679C}.Debug|Any CPU.Build.0 = Debug|Any CPU
		{EB0B43F7-436A-4481-89A7-8138E8B8679C}.Debug|Any CPU.Deploy.0 = Debug|Any CPU
		{EB0B43F7-436A-4481-89A7-8138E8B8679C}.Debug|iPhone.ActiveCfg = Debug|Any CPU
		{EB0B43F7-436A-4481-89A7-8138E8B8679C}.Debug|iPhone.Build.0 = Debug|Any CPU
		{EB0B43F7-436A-4481-89A7-8138E8B8679C}.Debug|iPhone.Deploy.0 = Debug|Any CPU
		{EB0B43F7-436A-4481-89A7-8138E8B8679C}.Debug|iPhoneSimulator.ActiveCfg = Debug|Any CPU
		{EB0B43F7-436A-4481-89A7-8138E8B8679C}.Debug|iPhoneSimulator.Build.0 = Debug|Any CPU
		{EB0B43F7-436A-4481-89A7-8138E8B8679C}.Debug|iPhoneSimulator.Deploy.0 = Debug|Any CPU
		{EB0B43F7-436A-4481-89A7-8138E8B8679C}.Release|Any CPU.ActiveCfg = Release|Any CPU
		{EB0B43F7-436A-4481-89A7-8138E8B8679C}.Release|Any CPU.Build.0 = Release|Any CPU
		{EB0B43F7-436A-4481-89A7-8138E8B8679C}.Release|Any CPU.Deploy.0 = Release|Any CPU
		{EB0B43F7-436A-4481-89A7-8138E8B8679C}.Release|iPhone.ActiveCfg = Release|Any CPU
		{EB0B43F7-436A-4481-89A7-8138E8B8679C}.Release|iPhone.Build.0 = Release|Any CPU
		{EB0B43F7-436A-4481-89A7-8138E8B8679C}.Release|iPhone.Deploy.0 = Release|Any CPU
		{EB0B43F7-436A-4481-89A7-8138E8B8679C}.Release|iPhoneSimulator.ActiveCfg = Release|Any CPU
		{EB0B43F7-436A-4481-89A7-8138E8B8679C}.Release|iPhoneSimulator.Build.0 = Release|Any CPU
		{EB0B43F7-436A-4481-89A7-8138E8B8679C}.Release|iPhoneSimulator.Deploy.0 = Release|Any CPU
		{891EEFFA-CFF3-41C1-A69A-080B7C3FF116}.Ad-Hoc|Any CPU.ActiveCfg = Release|iPhone
		{891EEFFA-CFF3-41C1-A69A-080B7C3FF116}.Ad-Hoc|Any CPU.Build.0 = Release|iPhone
		{891EEFFA-CFF3-41C1-A69A-080B7C3FF116}.Ad-Hoc|iPhone.ActiveCfg = Release|iPhone
		{891EEFFA-CFF3-41C1-A69A-080B7C3FF116}.Ad-Hoc|iPhone.Build.0 = Release|iPhone
		{891EEFFA-CFF3-41C1-A69A-080B7C3FF116}.Ad-Hoc|iPhoneSimulator.ActiveCfg = Release|iPhoneSimulator
		{891EEFFA-CFF3-41C1-A69A-080B7C3FF116}.Ad-Hoc|iPhoneSimulator.Build.0 = Release|iPhoneSimulator
		{891EEFFA-CFF3-41C1-A69A-080B7C3FF116}.AppStore|Any CPU.ActiveCfg = Release|iPhone
		{891EEFFA-CFF3-41C1-A69A-080B7C3FF116}.AppStore|Any CPU.Build.0 = Release|iPhone
		{891EEFFA-CFF3-41C1-A69A-080B7C3FF116}.AppStore|iPhone.ActiveCfg = Release|iPhone
		{891EEFFA-CFF3-41C1-A69A-080B7C3FF116}.AppStore|iPhone.Build.0 = Release|iPhone
		{891EEFFA-CFF3-41C1-A69A-080B7C3FF116}.AppStore|iPhoneSimulator.ActiveCfg = Release|iPhoneSimulator
		{891EEFFA-CFF3-41C1-A69A-080B7C3FF116}.AppStore|iPhoneSimulator.Build.0 = Release|iPhoneSimulator
		{891EEFFA-CFF3-41C1-A69A-080B7C3FF116}.Debug|Any CPU.ActiveCfg = Debug|iPhone
		{891EEFFA-CFF3-41C1-A69A-080B7C3FF116}.Debug|iPhone.ActiveCfg = Debug|iPhone
		{891EEFFA-CFF3-41C1-A69A-080B7C3FF116}.Debug|iPhone.Build.0 = Debug|iPhone
		{891EEFFA-CFF3-41C1-A69A-080B7C3FF116}.Debug|iPhoneSimulator.ActiveCfg = Debug|iPhoneSimulator
		{891EEFFA-CFF3-41C1-A69A-080B7C3FF116}.Debug|iPhoneSimulator.Build.0 = Debug|iPhoneSimulator
		{891EEFFA-CFF3-41C1-A69A-080B7C3FF116}.Release|Any CPU.ActiveCfg = Release|iPhone
		{891EEFFA-CFF3-41C1-A69A-080B7C3FF116}.Release|iPhone.ActiveCfg = Release|iPhone
		{891EEFFA-CFF3-41C1-A69A-080B7C3FF116}.Release|iPhone.Build.0 = Release|iPhone
		{891EEFFA-CFF3-41C1-A69A-080B7C3FF116}.Release|iPhoneSimulator.ActiveCfg = Release|iPhoneSimulator
		{891EEFFA-CFF3-41C1-A69A-080B7C3FF116}.Release|iPhoneSimulator.Build.0 = Release|iPhoneSimulator
	EndGlobalSection
	GlobalSection(SolutionProperties) = preSolution
		HideSolutionNode = FALSE
	EndGlobalSection
	GlobalSection(ExtensibilityGlobals) = postSolution
		SolutionGuid = {BF025B23-8ED4-405A-8155-1250BE6459D8}
	EndGlobalSection
EndGlobal
